
Microsoft Visual Studio Solution File, Format Version 12.00
# Visual Studio 15
VisualStudioVersion = 15.0.27130.0
MinimumVisualStudioVersion = 10.0.40219.1
Project("{FAE04EC0-301F-11D3-BF4B-00C04F79EFBC}") = "Cars project", "WindowsFormsApp7\Cars project.csproj", "{001F1FC5-48BD-4D8F-AF96-CB1894AF9E06}"
EndProject
Global
	GlobalSection(SolutionConfigurationPlatforms) = preSolution
		Debug|Any CPU = Debug|Any CPU
		Release|Any CPU = Release|Any CPU
	EndGlobalSection
	GlobalSection(ProjectConfigurationPlatforms) = postSolution
		{001F1FC5-48BD-4D8F-AF96-CB1894AF9E06}.Debug|Any CPU.ActiveCfg = Debug|Any CPU
		{001F1FC5-48BD-4D8F-AF96-CB1894AF9E06}.Debug|Any CPU.Build.0 = Debug|Any CPU
		{001F1FC5-48BD-4D8F-AF96-CB1894AF9E06}.Release|Any CPU.ActiveCfg = Release|Any CPU
		{001F1FC5-48BD-4D8F-AF96-CB1894AF9E06}.Release|Any CPU.Build.0 = Release|Any CPU
	EndGlobalSection
	GlobalSection(SolutionProperties) = preSolution
		HideSolutionNode = FALSE
	EndGlobalSection
	GlobalSection(ExtensibilityGlobals) = postSolution
		SolutionGuid = {C02F954F-9EB0-4585-A823-CCC66C873BC8}
	EndGlobalSection
EndGlobal
